
Microsoft Visual Studio Solution File, Format Version 12.00
# Visual Studio Version 16
VisualStudioVersion = 16.0.29709.97
MinimumVisualStudioVersion = 10.0.40219.1
Project("{9A19103F-16F7-4668-BE54-9A1E7A4F7556}") = "ETicket.Admin", "ETicketAdmin\ETicket.Admin.csproj", "{30F8BD35-78FE-4AA9-A531-E6AE140F6C5A}"
EndProject
Project("{9A19103F-16F7-4668-BE54-9A1E7A4F7556}") = "ETicket.DataAccess", "ETicketDataAccess\ETicket.DataAccess.csproj", "{EA75AE8C-52B4-439A-A7A3-EBCD5711C43E}"
EndProject
Project("{9A19103F-16F7-4668-BE54-9A1E7A4F7556}") = "ETicket.WebAPI", "ETicketWebAPI\ETicket.WebAPI.csproj", "{A91F8673-A9AE-4DB1-814B-73748D7FDA36}"
EndProject
Project("{FAE04EC0-301F-11D3-BF4B-00C04F79EFBC}") = "ETicket.ApplicationServices", "ETicket.ApplicationServices\ETicket.ApplicationServices.csproj", "{E81FEF7E-BD51-42CB-9B36-B11663072E28}"
EndProject
Project("{FAE04EC0-301F-11D3-BF4B-00C04F79EFBC}") = "ETicket.ApplicationServicesTests", "ETicket.ApplicationServicesTests\ETicket.ApplicationServicesTests.csproj", "{8FDAD390-93C7-44CB-91D4-E06D894E87ED}"
EndProject
Global
	GlobalSection(SolutionConfigurationPlatforms) = preSolution
		Debug|Any CPU = Debug|Any CPU
		Release|Any CPU = Release|Any CPU
	EndGlobalSection
	GlobalSection(ProjectConfigurationPlatforms) = postSolution
		{30F8BD35-78FE-4AA9-A531-E6AE140F6C5A}.Debug|Any CPU.ActiveCfg = Debug|Any CPU
		{30F8BD35-78FE-4AA9-A531-E6AE140F6C5A}.Debug|Any CPU.Build.0 = Debug|Any CPU
		{30F8BD35-78FE-4AA9-A531-E6AE140F6C5A}.Release|Any CPU.ActiveCfg = Release|Any CPU
		{30F8BD35-78FE-4AA9-A531-E6AE140F6C5A}.Release|Any CPU.Build.0 = Release|Any CPU
		{EA75AE8C-52B4-439A-A7A3-EBCD5711C43E}.Debug|Any CPU.ActiveCfg = Debug|Any CPU
		{EA75AE8C-52B4-439A-A7A3-EBCD5711C43E}.Debug|Any CPU.Build.0 = Debug|Any CPU
		{EA75AE8C-52B4-439A-A7A3-EBCD5711C43E}.Release|Any CPU.ActiveCfg = Release|Any CPU
		{EA75AE8C-52B4-439A-A7A3-EBCD5711C43E}.Release|Any CPU.Build.0 = Release|Any CPU
		{A91F8673-A9AE-4DB1-814B-73748D7FDA36}.Debug|Any CPU.ActiveCfg = Debug|Any CPU
		{A91F8673-A9AE-4DB1-814B-73748D7FDA36}.Debug|Any CPU.Build.0 = Debug|Any CPU
		{A91F8673-A9AE-4DB1-814B-73748D7FDA36}.Release|Any CPU.ActiveCfg = Release|Any CPU
		{A91F8673-A9AE-4DB1-814B-73748D7FDA36}.Release|Any CPU.Build.0 = Release|Any CPU
		{E81FEF7E-BD51-42CB-9B36-B11663072E28}.Debug|Any CPU.ActiveCfg = Debug|Any CPU
		{E81FEF7E-BD51-42CB-9B36-B11663072E28}.Debug|Any CPU.Build.0 = Debug|Any CPU
		{E81FEF7E-BD51-42CB-9B36-B11663072E28}.Release|Any CPU.ActiveCfg = Release|Any CPU
		{E81FEF7E-BD51-42CB-9B36-B11663072E28}.Release|Any CPU.Build.0 = Release|Any CPU
		{8FDAD390-93C7-44CB-91D4-E06D894E87ED}.Debug|Any CPU.ActiveCfg = Debug|Any CPU
		{8FDAD390-93C7-44CB-91D4-E06D894E87ED}.Debug|Any CPU.Build.0 = Debug|Any CPU
		{8FDAD390-93C7-44CB-91D4-E06D894E87ED}.Release|Any CPU.ActiveCfg = Release|Any CPU
		{8FDAD390-93C7-44CB-91D4-E06D894E87ED}.Release|Any CPU.Build.0 = Release|Any CPU
	EndGlobalSection
	GlobalSection(SolutionProperties) = preSolution
		HideSolutionNode = FALSE
	EndGlobalSection
	GlobalSection(ExtensibilityGlobals) = postSolution
		SolutionGuid = {19A53F74-F1F5-4029-8650-EBEDF487DAB7}
	EndGlobalSection
EndGlobal
